
Microsoft Visual Studio Solution File, Format Version 12.00
# Visual Studio Version 16
VisualStudioVersion = 16.0.30804.86
MinimumVisualStudioVersion = 10.0.40219.1
Project("{FAE04EC0-301F-11D3-BF4B-00C04F79EFBC}") = "RSMBackEnd", "RSMBackEnd.csproj", "{C31E828E-A898-4B29-909C-91AD549BFA30}"
EndProject
Global
	GlobalSection(SolutionConfigurationPlatforms) = preSolution
		Debug|Any CPU = Debug|Any CPU
		Release|Any CPU = Release|Any CPU
	EndGlobalSection
	GlobalSection(ProjectConfigurationPlatforms) = postSolution
		{C31E828E-A898-4B29-909C-91AD549BFA30}.Debug|Any CPU.ActiveCfg = Debug|Any CPU
		{C31E828E-A898-4B29-909C-91AD549BFA30}.Debug|Any CPU.Build.0 = Debug|Any CPU
		{C31E828E-A898-4B29-909C-91AD549BFA30}.Release|Any CPU.ActiveCfg = Release|Any CPU
		{C31E828E-A898-4B29-909C-91AD549BFA30}.Release|Any CPU.Build.0 = Release|Any CPU
	EndGlobalSection
	GlobalSection(SolutionProperties) = preSolution
		HideSolutionNode = FALSE
	EndGlobalSection
	GlobalSection(ExtensibilityGlobals) = postSolution
		SolutionGuid = {A7F32F14-B9BD-4EC6-A738-F0DBFD7CF607}
	EndGlobalSection
EndGlobal
